
Microsoft Visual Studio Solution File, Format Version 12.00
# Visual Studio Version 17
VisualStudioVersion = 17.7.34003.232
MinimumVisualStudioVersion = 10.0.40219.1
Project("{FAE04EC0-301F-11D3-BF4B-00C04F79EFBC}") = "LoggerMessageDemo", "LoggerMessageDemo.csproj", "{DF4222FB-1421-4EC7-937B-BDE7C7F229EB}"
EndProject
Global
	GlobalSection(SolutionConfigurationPlatforms) = preSolution
		Debug|Any CPU = Debug|Any CPU
		Release|Any CPU = Release|Any CPU
	EndGlobalSection
	GlobalSection(ProjectConfigurationPlatforms) = postSolution
		{DF4222FB-1421-4EC7-937B-BDE7C7F229EB}.Debug|Any CPU.ActiveCfg = Debug|Any CPU
		{DF4222FB-1421-4EC7-937B-BDE7C7F229EB}.Debug|Any CPU.Build.0 = Debug|Any CPU
		{DF4222FB-1421-4EC7-937B-BDE7C7F229EB}.Release|Any CPU.ActiveCfg = Release|Any CPU
		{DF4222FB-1421-4EC7-937B-BDE7C7F229EB}.Release|Any CPU.Build.0 = Release|Any CPU
	EndGlobalSection
	GlobalSection(SolutionProperties) = preSolution
		HideSolutionNode = FALSE
	EndGlobalSection
	GlobalSection(ExtensibilityGlobals) = postSolution
		SolutionGuid = {65D81234-2F6A-46D4-9A40-4E857134CCDF}
	EndGlobalSection
EndGlobal
